
Microsoft Visual Studio Solution File, Format Version 12.00
# Visual Studio 14
VisualStudioVersion = 14.0.25420.1
MinimumVisualStudioVersion = 10.0.40219.1
Project("{FAE04EC0-301F-11D3-BF4B-00C04F79EFBC}") = "MovieReviewApp", "MovieReviewApp\MovieReviewApp.csproj", "{22576587-D451-413C-9614-9CF8F49C8907}"
EndProject
Project("{FAE04EC0-301F-11D3-BF4B-00C04F79EFBC}") = "MovieReviewAPILibrary", "MovieReviewAPKLibrary\MovieReviewAPILibrary.csproj", "{DD65A23E-1BBC-41D8-BED1-9F03643602FD}"
EndProject
Global
	GlobalSection(SolutionConfigurationPlatforms) = preSolution
		Debug|Any CPU = Debug|Any CPU
		Release|Any CPU = Release|Any CPU
	EndGlobalSection
	GlobalSection(ProjectConfigurationPlatforms) = postSolution
		{22576587-D451-413C-9614-9CF8F49C8907}.Debug|Any CPU.ActiveCfg = Debug|Any CPU
		{22576587-D451-413C-9614-9CF8F49C8907}.Debug|Any CPU.Build.0 = Debug|Any CPU
		{22576587-D451-413C-9614-9CF8F49C8907}.Release|Any CPU.ActiveCfg = Release|Any CPU
		{22576587-D451-413C-9614-9CF8F49C8907}.Release|Any CPU.Build.0 = Release|Any CPU
		{DD65A23E-1BBC-41D8-BED1-9F03643602FD}.Debug|Any CPU.ActiveCfg = Debug|Any CPU
		{DD65A23E-1BBC-41D8-BED1-9F03643602FD}.Debug|Any CPU.Build.0 = Debug|Any CPU
		{DD65A23E-1BBC-41D8-BED1-9F03643602FD}.Release|Any CPU.ActiveCfg = Release|Any CPU
		{DD65A23E-1BBC-41D8-BED1-9F03643602FD}.Release|Any CPU.Build.0 = Release|Any CPU
	EndGlobalSection
	GlobalSection(SolutionProperties) = preSolution
		HideSolutionNode = FALSE
	EndGlobalSection
EndGlobal
